github.com/fatih/color v1.13.0/go.mod h1:kLAiJbzzSOZDVNGyDpeOxJ47H46qBXwg5ILebYFFOfk=
github.com/fatih/color v1.16.0 h1:zmkK9Ngbjj+K0yRhTVONQh1p/HknKYSlNT+vZCzyokM=
github.com/fatih/color v1.16.0/go.mod h1:fL2Sau1YI5c0pdGEVCbKQbLXB6edEj1ZgiY4NijnWvE=
github.com/fbaube/ctoken v0.0.0-20230904080018-507cd8e33313 h1:cS+773iZGIi+BCOjA9ssrAvMWtTHiKbBAaegIGUQ+A8=
github.com/fbaube/ctoken v0.0.0-20230904080018-507cd8e33313/go.mod h1:pPoxOOTB5Gd1RcsqSuhfFvH2/StTWFVU/aWHmF+DVA8=
github.com/fbaube/dsmnd v0.0.0-20231009190946-08c687d36716 h1:rvSaVizhmx97RtV3Vt2R0FT+2ylTZxofGHwjH+I/LrE=
github.com/fbaube/dsmnd v0.0.0-20231009190946-08c687d36716/go.mod h1:7FFQTZsr7f2vA243fKLohCwszP3Xrzi/xbFkOyPF+YQ=
github.com/fbaube/fileutils v0.0.0-20210215145923-7216a545e6b4/go.mod h1:Q3NOQ00NULN3Un/dxrzYDaFacMnjW9vG1Ffe3cHRdro=
github.com/fbaube/fileutils v0.0.0-20230904080209-d2b98b2c3ac9 h1:PyHsQd+e83niOnnbEVSBBcL7dI9G5pV2CKh1iO9cu/k=
github.com/fbaube/fileutils v0.0.0-20230904080209-d2b98b2c3ac9/go.mod h1:zCfNLrBn2uhhdt6rzsNFrV/iwLcVKub1kubC+wi3Zas=
github.com/fbaube/gparse v0.0.0-20230421173125-0aaf74eb920c h1:Wc/p/iz4WKF00neYNYszzfGsI7VhR2P/ZAu7TCjtXQs=
github.com/fbaube/gparse v0.0.0-20230421173125-0aaf74eb920c/go.mod h1:0eMhKY31+tGA22qYyPzkDHPf/Q+3BZyUfDRLGjZywFM=
github.com/fbaube/gtoken v0.0.0-20220221192313-06c1a87f1884/go.mod h1:L5TPmM5qhEVECO49RCwHxUMIJStcDicDuXPz9VzgyNs=
github.com/fbaube/gtoken v0.0.0-20230421173215-d97b8767dfae h1:bd0XuJw79xcOKSj9DmxXKhM8ME3gYVl7GuYGA9yIs+s=
github.com/fbaube/gtoken v0.0.0-20230421173215-d97b8767dfae/go.mod h1:L5TPmM5qhEVECO49RCwHxUMIJStcDicDuXPz9VzgyNs=
github.com/fbaube/gtree v0.0.0-20230421173337-c41d5314a85f h1:PwqUVRonXl5z/MRvcBjZIxObvFsvKEKKCGQFTWjgMVU=
github.com/fbaube/gtree v0.0.0-20230421173337-c41d5314a85f/go.mod h1:IaeGzZWJtQnV/b4JlXEPktyW+EQfiqc3I0Fg8CyL++s=
github.com/fbaube/logutils v0.0.0-20230623084753-053ea535035d h1:Kp4zKL0YhkxgL3SQodPDKtRzdQnB0yLl337gKCncp9I=
github.com/fbaube/logutils v0.0.0-20230623084753-053ea535035d/go.mod h1:VifbtSBHXXNZhfgnsxhS7D++YcGbPt7esvjC7FCbFW4=
github.com/fbaube/lwdx v0.0.0-20230405181455-22bf362a5a89 h1:N20REdxa+vlfBQVDFgCQtLdCsOAIW45Wpf4I272J99I=
github.com/fbaube/lwdx v0.0.0-20230405181455-22bf362a5a89/go.mod h1:k5EDVHloyrrAVPqxW2oZEs/GtTWyG1RFsdZRJQay9LQ=
github.com/fbaube/mcfile v0.0.0-20230702192626-397e81ad13bd h1:J0ruPeUAJ/z70UCUhT+xF72VCFzSCr4Qsr6E2eys8UQ=
github.com/fbaube/mcfile v0.0.0-20230702192626-397e81ad13bd/go.mod h1:0/vIyBdcoeM/6R+BuRIb6+UGYNV/3ghuuiUp/yuJ5Kw=
github.com/fbaube/miscutils v0.0.0-20231117113020-2270027d01bd h1:Emb4XK5G8w7VzRnIHGKwmfVzboEdaqw1EHgDphlEvjw=
github.com/fbaube/miscutils v0.0.0-20231117113020-2270027d01bd/go.mod h1:6oJ7XkjRcYbH/le2m11Sci3tXMspXhyRHd5RTX0Bz3M=
github.com/fbaube/mlog v0.0.0-20220216070905-84d38f5d34e0/go.mod h1:7zMkNQqfN6ZueDR3jAJcDBKJ8fmCGnP/LyfBnQMT4io=
github.com/fbaube/mlog v0.0.0-20230904080411-cfac35fed413 h1:hXpL/x5iYx38UGHzGU6V9ONPYeeLxzfniZDbAblkplw=
github.com/fbaube/mlog v0.0.0-20230904080411-cfac35fed413/go.mod h1:gdqN52o2Q28x8fcloz1M7KyknKnK6VPxPkAOc3+HxmQ=
github.com/fbaube/orderednodes v0.0.0-20230904080518-74d8b35a6abf h1:ABRXkQi8N6eXfgUjiklVMNkFrr6SBXUxLn3MbINDYis=
github.com/fbaube/orderednodes v0.0.0-20230904080518-74d8b35a6abf/go.mod h1:et8JX11o8whQ+k6jaL1bWVYg0rexmHdGfpHPHSC+yss=
github.com/fbaube/parseutils v0.0.0-20220310134313-a5d0ceeeabb3/go.mod h1:J3gIK/myAYcFh9jAgVAawRE5iPxor38nmbfNGTnycJU=
github.com/fbaube/parseutils v0.0.0-20230904080545-ee341e21b5b1 h1:WcVU6FCsYCosi8ew9zBHYFR9ac1DDwd3AZPquPru1XE=
github.com/fbaube/parseutils v0.0.0-20230904080545-ee341e21b5b1/go.mod h1:KJMfLJ/C6vsNr2S2/yXCwmDz9BHENg40zTh0lPStijE=
github.com/fbaube/repo v0.0.0-20230702193159-4a0df3ed961a h1:m6NL6Y7Y1FkgxMyqN09j06JoRY4UQG6vxoJyu1OgXfs=
github.com/fbaube/repo v0.0.0-20230702193159-4a0df3ed961a/go.mod h1:ypBjRS7l4lXxDEmxwP2Rnbbz2RkaCIwnl2Hcu5hDleg=
github.com/fbaube/reposqlite v0.0.0-20230904080627-04a360988cb1 h1:NiwjsDhMm4PHNU/JxZOLdoZI9nbuGRhHOtMiVRzN4aI=
github.com/fbaube/reposqlite v0.0.0-20230904080627-04a360988cb1/go.mod h1:8RktawhtEdGU1TWGD+YDf9PMPQHY3Mebczy6roGyyK0=
github.com/fbaube/repoutils v0.0.0-20230904080659-aafe24b842a6 h1:QPMP4AX7Z3YvYlQSPvq0lbMKBK0KByvjpZSDYqxc6V8=
github.com/fbaube/repoutils v0.0.0-20230904080659-aafe24b842a6/go.mod h1:6dj++mukLwRVVsvA8tHISnHoeria2FzcQC3iBt5ElxM=
github.com/fbaube/rowmodels v0.0.0-20230622080238-d1b28a526896 h1:08FR2fwyX/WrIvxu8VY/ZOcmrB7XSPyWhcWnyQEWlFQ=
github.com/fbaube/rowmodels v0.0.0-20230622080238-d1b28a526896/go.mod h1:cBdnL8JQ2+XV+5YiQrZZmKPMRNHRwUX/j72orFIn+i8=
github.com/fbaube/sqlite3 v0.0.0-20230623201839-76cebbc048ba h1:XLhnds2/YrlOdNvXfjSH8yPCfUdNd49dIxMpINCPCPU=
github.com/fbaube/sqlite3 v0.0.0-20230623201839-76cebbc048ba/go.mod h1:vYzBSGC+jBvm7d3fUpwElcXoGZ7/aUYpkQ/Taaa2yL0=
github.com/fbaube/stringutils v0.0.0-20210716195613-2633ae132b43/go.mod h1:pyXNXdLCEtNZyV2GFdbOGiO6nDrH6SVmxp7EG9oISIE=
github.com/fbaube/stringutils v0.0.0-20230904080743-c8fc995addb6 h1:DDsxrkxALz52DLT3ejDUCLqZH0vQM1GuH5LN79lKJ9Q=
github.com/fbaube/stringutils v0.0.0-20230904080743-c8fc995addb6/go.mod h1:87tQsliFKHC7Pi37dVN29FSD+xFnQLYbZ2VDB1Ydn+U=
github.com/fbaube/wasmutils v0.0.0-20210130165146-e84dfddef26c/go.mod h1:zvSKkP2Q1b0bu5IuwmY0b2x4ZXEZMYcG0ClOKublfR0=
github.com/fbaube/wasmutils v0.0.0-20231128091658-89b1b872f891 h1:YNk2cH+yEFyUpEodgTmhnJM2HdUl8YPt20zc0djkmgo=
github.com/fbaube/wasmutils v0.0.0-20231128091658-89b1b872f891/go.mod h1:Yv24ab7DbaTunolfMWqQVI0g8yCNFu8y5IHxLbwZ0ZE=
github.com/fbaube/xmlmodels v0.0.0-20210717124325-02bf973617c5/go.mod h1:aPAbtv8J097HzqFnoGVeBvUOjkYGk/sQEkvrk25N7lE=
github.com/fbaube/xmlutils v0.0.0-20220307192304-2d5293ea6608/go.mod h1:b9yEIFiCE4cPVYOTU6LXWgv5QtudKv5w18Zrjqou0pM=
github.com/fbaube/xmlutils v0.0.0-20230904080817-586c01346ef2 h1:bixXQUHTZen4D96wGZbE+ZDx2yrIAYlqPG0skSxUkdg=
github.com/fbaube/xmlutils v0.0.0-20230904080817-586c01346ef2/go.mod h1:gsCwBzyR+nb9tdfJRL6aVTd9Fvuj/0R/tDM+seGxP8w=
github.com/gabriel-vasile/mimetype v1.4.3 h1:in2uUcidCuFcDKtdcBxlR0rJ1+fsokWf+uqxgUFjbI0=
github.com/gabriel-vasile/mimetype v1.4.3/go.mod h1:d8uq/6HKRL6CGdk+aubisF/M5GcPfT7nKyLpA0lbSSk=
github.com/go-git/go-git v4.7.0+incompatible/go.mod h1:6+421e08gnZWn30y26Vchf7efgYLe4dl5OQbBSUXShE=
github.com/gomarkdown/markdown v0.0.0-20231115200524-a660076da3fd h1:PppHBegd3uPZ3Y/Iax/2mlCFJm1w4Qf/zP1MdW4ju2o=
github.com/gomarkdown/markdown v0.0.0-20231115200524-a660076da3fd/go.mod h1:JDGcbDT52eL4fju3sZ4TeHGsQwhG9nbDV21aMyhwPoA=
github.com/gorilla/mux v1.8.1 h1:TuBL49tXwgrFYWhqrNgrUNEY92u81SPhu7sTdzQEiWY=
github.com/gorilla/mux v1.8.1/go.mod h1:AKf9I4AEqPTmMytcMc0KkNouC66V3BtZ4qD5fmWSiMQ=
github.com/mattn/go-colorable v0.1.9/go.mod h1:u6P/XSegPjTcexA+o6vUJrdnUu04hMope9wVRipJSqc=
github.com/mattn/go-colorable v0.1.12/go.mod h1:u5H1YNBxpqRaxsYJYSkiCWKzEfiAb1Gb520KVy5xxl4=
github.com/mattn/go-colorable v0.1.13 h1:fFA4WZxdEF4tXPZVKMLwD8oUnCTTo08duU7wxecdEvA=
github.com/mattn/go-colorable v0.1.13/go.mod h1:7S9/ev0klgBDR4GtXTXX8a3vIGJpMovkB8vQcUbaXHg=
github.com/mattn/go-isatty v0.0.12/go.mod h1:cbi8OIDigv2wuxKPP5vlRcQ1OAZbq2CE4Kysco4FUpU=
github.com/mattn/go-isatty v0.0.14/go.mod h1:7GGIvUiUoEMVVmxf/4nioHXj79iQHKdU27kJ6hsGG94=
github.com/mattn/go-isatty v0.0.16/go.mod h1:kYGgaQfpe5nmfYZH+SKPsOc2e4SrIfOl2e/yFXSvRLM=
github.com/mattn/go-isatty v0.0.20 h1:xfD0iDuEKnDkl03q4limB+vH+GxLEtL/jb4xVJSWWEY=
github.com/mattn/go-isatty v0.0.20/go.mod h1:W+V8PltTTMOvKvAeJH7IuucS94S2C6jfK/D7dTCTo3Y=
github.com/mgutz/str v1.2.0 h1:4IzWSdIz9qPQWLfKZ0rJcV0jcUDpxvP4JVZ4GXQyvSw=
github.com/mgutz/str v1.2.0/go.mod h1:w1v0ofgLaJdoD0HpQ3fycxKD1WtxpjSo151pK/31q6w=
github.com/pkg/errors v0.9.1 h1:FEBLx1zS214owpjy7qsBeixbURkuhQAwrK5UwLGTwt4=
github.com/pkg/errors v0.9.1/go.mod h1:bwawxfHBFNV+L2hUp1rHADufV3IMtnDRdf1r5NINEl0=
github.com/spf13/pflag v1.0.5 h1:iy+VFUOCP1a+8yFto/drg2CJ5u0yRoB7fZw3DKv/JXA=
github.com/spf13/pflag v1.0.5/go.mod h1:McXfInJRrz4CZXVZOBLb0bTZqETkiAhM9Iw0y3An2Bg=
github.com/src-d/gcfg v1.4.0/go.mod h1:p/UMsR43ujA89BJY9duynAwIpvqEujIH/jFlfL7jWoI=
github.com/yuin/goldmark v1.4.8/go.mod h1:rmuwmfZ0+bvzB24eSC//bk1R1Zp3hM0OXYv/G2LIilg=
github.com/yuin/goldmark v1.6.0 h1:boZcn2GTjpsynOsC0iJHnBWa4Bi0qzfJjthwauItG68=
github.com/yuin/goldmark v1.6.0/go.mod h1:6yULJ656Px+3vBD8DxQVa3kxgyrAnzto9xy5taEt/CY=
golang.org/x/exp v0.0.0-20231127185646-65229373498e h1:Gvh4YaCaXNs6dKTlfgismwWZKyjVZXwOPfIyUaqU3No=
golang.org/x/exp v0.0.0-20231127185646-65229373498e/go.mod h1:iRJReGqOEeBhDZGkGbynYwcHlctCvnjTYIamk7uXpHI=
golang.org/x/net v0.0.0-20220225172249-27dd8689420f/go.mod h1:CfG3xpIq0wQ8r1q4Su4UZFWDARRcnwPjda9FqA0JpMk=
golang.org/x/net v0.19.0 h1:zTwKpTd2XuCqf8huc7Fo2iSy+4RHPd10s4KzeTnVr1c=
golang.org/x/net v0.19.0/go.mod h1:CfAk/cbD4CthTvqiEl8NpboMuiuOYsAr/7NOjZJtv1U=
golang.org/x/sys v0.0.0-20200116001909-b77594299b42/go.mod h1:h1NjWce9XRLGQEsW7wpKNCjG9DtNlClVuFLEZdDNbEs=
golang.org/x/sys v0.0.0-20200223170610-d5e6a3e2c0ae/go.mod h1:h1NjWce9XRLGQEsW7wpKNCjG9DtNlClVuFLEZdDNbEs=
golang.org/x/sys v0.0.0-20210615035016-665e8c7367d1/go.mod h1:oPkhp1MJrh7nUepCBck5+mAzfO9JrbApNNgaTdGDITg=
golang.org/x/sys v0.0.0-20210630005230-0f9fa26af87c/go.mod h1:oPkhp1MJrh7nUepCBck5+mAzfO9JrbApNNgaTdGDITg=
golang.org/x/sys v0.0.0-20210927094055-39ccf1dd6fa6/go.mod h1:oPkhp1MJrh7nUepCBck5+mAzfO9JrbApNNgaTdGDITg=
golang.org/x/sys v0.0.0-20211216021012-1d35b9e2eb4e/go.mod h1:oPkhp1MJrh7nUepCBck5+mAzfO9JrbApNNgaTdGDITg=
golang.org/x/sys v0.0.0-20220310020820-b874c991c1a5/go.mod h1:oPkhp1MJrh7nUepCBck5+mAzfO9JrbApNNgaTdGDITg=
golang.org/x/sys v0.0.0-20220811171246-fbc7d0a398ab/go.mod h1:oPkhp1MJrh7nUepCBck5+mAzfO9JrbApNNgaTdGDITg=
golang.org/x/sys v0.6.0/go.mod h1:oPkhp1MJrh7nUepCBck5+mAzfO9JrbApNNgaTdGDITg=
golang.org/x/sys v0.15.0 h1:h48lPFYpsTvQJZF4EKyI4aLHaev3CxivZmv7yZig9pc=
golang.org/x/sys v0.15.0/go.mod h1:/VUhepiaJMQUp4+oa/7Zr1D23ma6VTLIYjOOTFZPUcA=
golang.org/x/term v0.0.0-20210927222741-03fcf44c2211/go.mod h1:jbD1KX2456YbFQfuXm/mYQcufACuNUgVhRMnK/tPxf8=
golang.org/x/text v0.3.7/go.mod h1:u+2+/6zg+i71rQMx5EYifcz6MCKuco9NR6JIITiCfzQ=
golang.org/x/tools v0.0.0-20180917221912-90fa682c2a6e/go.mod h1:n7NCudcB/nEzxVGmLbDWY5pfWTLqBcC2KZ6jyYvM4mQ=
golang.org/x/tools v0.16.0 h1:GO788SKMRunPIBCXiQyo2AaexLstOrVhuAL5YwsckQM=
golang.org/x/tools v0.16.0/go.mod h1:kYVVN6I1mBNoB1OX+noeBjbRk4IUEPa7JJ+TJMEooJ0=
gopkg.in/check.v1 v0.0.0-20161208181325-20d25e280405 h1:yhCVgyC4o1eVCa2tZl7eS0r+SDo693bJlVdllGtEeKM=
gopkg.in/check.v1 v0.0.0-20161208181325-20d25e280405/go.mod h1:Co6ibVJAznAaIkqp8huTwlJQCZ016jof/cbN4VW5Yz0=
gopkg.in/warnings.v0 v0.1.2/go.mod h1:jksf8JmL6Qr/oQM2OXTHunEvvTAsrWBLb6OOjuVWRNI=
gopkg.in/yaml.v2 v2.4.0 h1:D8xgwECY7CYvx+Y2n4sBz93Jn9JRvxdiyyo8CTfuKaY=
gopkg.in/yaml.v2 v2.4.0/go.mod h1:RDklbk79AGWmwhnvt/jBztapEOGDOx6ZbXqjP6csGnQ=
