github.com/fatih/color v1.13.0/go.mod h1:kLAiJbzzSOZDVNGyDpeOxJ47H46qBXwg5ILebYFFOfk=
github.com/fatih/color v1.15.0 h1:kOqh6YHBtK8aywxGerMG2Eq3H6Qgoqeo13Bk2Mv/nBs=
github.com/fatih/color v1.15.0/go.mod h1:0h5ZqXfHYED7Bhv2ZJamyIOUej9KtShiJESRwBDUSsw=
github.com/fbaube/ctoken v0.0.0-20230518060940-6f364ff08c9d h1:Ho83tg72qWOPWG2jz33q3GP73sTxZ8BpsZcvCDOVhyY=
github.com/fbaube/ctoken v0.0.0-20230518060940-6f364ff08c9d/go.mod h1:COLDuMsFubQGBOLbZH28QH3ToFG8163qvGSqxyWrrJ0=
github.com/fbaube/dsmnd v0.0.0-20230622205413-6095fd80db31 h1:EAJtfmCOSscCYOW/BPJO/2N5DS0IZUjVpmgVG5xd1c4=
github.com/fbaube/dsmnd v0.0.0-20230622205413-6095fd80db31/go.mod h1:1aIEJqfWly2hJigHXVeo+2qb99HM5sLR9PTSGPMtHVI=
github.com/fbaube/fileutils v0.0.0-20210215145923-7216a545e6b4/go.mod h1:Q3NOQ00NULN3Un/dxrzYDaFacMnjW9vG1Ffe3cHRdro=
github.com/fbaube/fileutils v0.0.0-20230623071738-0db5b6a18847 h1:b2mQ5dWXJC6NABeKwxnBp8z0wh79JkbM/ZCE+d5+U3o=
github.com/fbaube/fileutils v0.0.0-20230623071738-0db5b6a18847/go.mod h1:Q3NOQ00NULN3Un/dxrzYDaFacMnjW9vG1Ffe3cHRdro=
github.com/fbaube/gparse v0.0.0-20230421173125-0aaf74eb920c h1:Wc/p/iz4WKF00neYNYszzfGsI7VhR2P/ZAu7TCjtXQs=
github.com/fbaube/gparse v0.0.0-20230421173125-0aaf74eb920c/go.mod h1:0eMhKY31+tGA22qYyPzkDHPf/Q+3BZyUfDRLGjZywFM=
github.com/fbaube/gtoken v0.0.0-20220221192313-06c1a87f1884/go.mod h1:L5TPmM5qhEVECO49RCwHxUMIJStcDicDuXPz9VzgyNs=
github.com/fbaube/gtoken v0.0.0-20230421173215-d97b8767dfae h1:bd0XuJw79xcOKSj9DmxXKhM8ME3gYVl7GuYGA9yIs+s=
github.com/fbaube/gtoken v0.0.0-20230421173215-d97b8767dfae/go.mod h1:L5TPmM5qhEVECO49RCwHxUMIJStcDicDuXPz9VzgyNs=
github.com/fbaube/gtree v0.0.0-20230421173337-c41d5314a85f h1:PwqUVRonXl5z/MRvcBjZIxObvFsvKEKKCGQFTWjgMVU=
github.com/fbaube/gtree v0.0.0-20230421173337-c41d5314a85f/go.mod h1:IaeGzZWJtQnV/b4JlXEPktyW+EQfiqc3I0Fg8CyL++s=
github.com/fbaube/logutils v0.0.0-20230623084753-053ea535035d h1:Kp4zKL0YhkxgL3SQodPDKtRzdQnB0yLl337gKCncp9I=
github.com/fbaube/logutils v0.0.0-20230623084753-053ea535035d/go.mod h1:VifbtSBHXXNZhfgnsxhS7D++YcGbPt7esvjC7FCbFW4=
github.com/fbaube/lwdx v0.0.0-20230405181455-22bf362a5a89 h1:N20REdxa+vlfBQVDFgCQtLdCsOAIW45Wpf4I272J99I=
github.com/fbaube/lwdx v0.0.0-20230405181455-22bf362a5a89/go.mod h1:k5EDVHloyrrAVPqxW2oZEs/GtTWyG1RFsdZRJQay9LQ=
github.com/fbaube/mcfile v0.0.0-20230702192626-397e81ad13bd h1:J0ruPeUAJ/z70UCUhT+xF72VCFzSCr4Qsr6E2eys8UQ=
github.com/fbaube/mcfile v0.0.0-20230702192626-397e81ad13bd/go.mod h1:0/vIyBdcoeM/6R+BuRIb6+UGYNV/3ghuuiUp/yuJ5Kw=
github.com/fbaube/miscutils v0.0.0-20230702174835-89345331d87b h1:3pfSde80qGYF32Gsc35qL3UmVV5eiamCJJoYge3mbLo=
github.com/fbaube/miscutils v0.0.0-20230702174835-89345331d87b/go.mod h1:VfE3qdoAUBiKERhDVEIActaTAo9q9zfrQlPl9xQ9l3s=
github.com/fbaube/mlog v0.0.0-20220216070905-84d38f5d34e0/go.mod h1:7zMkNQqfN6ZueDR3jAJcDBKJ8fmCGnP/LyfBnQMT4io=
github.com/fbaube/mlog v0.0.0-20230205182808-c77321da3ff3 h1:7jj0bGJw09SQ9mOIeuDJJ4XYgmgSK2T9PO6PH1c5bdo=
github.com/fbaube/mlog v0.0.0-20230205182808-c77321da3ff3/go.mod h1:7zMkNQqfN6ZueDR3jAJcDBKJ8fmCGnP/LyfBnQMT4io=
github.com/fbaube/orderednodes v0.0.0-20230205184841-94778d738f0f h1:0JRMAUw0I0xAAz4yh5jy5VBY831F/zJ9mI1ripb/j7Y=
github.com/fbaube/orderednodes v0.0.0-20230205184841-94778d738f0f/go.mod h1:r7Ei73wSPOOb2gExtWgh3hyV2OhnIfezxab8sfmS7fQ=
github.com/fbaube/parseutils v0.0.0-20220310134313-a5d0ceeeabb3/go.mod h1:J3gIK/myAYcFh9jAgVAawRE5iPxor38nmbfNGTnycJU=
github.com/fbaube/parseutils v0.0.0-20230623084837-328578a3d6a9 h1:W1z8s1YZO09exs9r6Fx8JR9+H64Zx9xuETFg2hcYUmk=
github.com/fbaube/parseutils v0.0.0-20230623084837-328578a3d6a9/go.mod h1:NqqeWqREMSEvlbJOEwRS8ErR5Ot1LDeo5I5hmFf8WKM=
github.com/fbaube/repo v0.0.0-20230702193159-4a0df3ed961a h1:m6NL6Y7Y1FkgxMyqN09j06JoRY4UQG6vxoJyu1OgXfs=
github.com/fbaube/repo v0.0.0-20230702193159-4a0df3ed961a/go.mod h1:ypBjRS7l4lXxDEmxwP2Rnbbz2RkaCIwnl2Hcu5hDleg=
github.com/fbaube/reposqlite v0.0.0-20230702193335-79839c00f727 h1:Ot+Q/b3Rz0yqnqWREG2hFtkLj1zT5mD7tuprijlxYfQ=
github.com/fbaube/reposqlite v0.0.0-20230702193335-79839c00f727/go.mod h1:emMqc8U+FPVj52n46R4V+PUDHi7yA07sNuqknYLLh9o=
github.com/fbaube/repoutils v0.0.0-20230623084640-e4530f5028d4 h1:VVONk728t8nc30V9feaAUo4fS6rwMUcKNIC1XdEuk8g=
github.com/fbaube/repoutils v0.0.0-20230623084640-e4530f5028d4/go.mod h1:ulJMVVXZSjfEEtakvbdn49HiRMDU6xXiEDziNy0CQKc=
github.com/fbaube/rowmodels v0.0.0-20230622080238-d1b28a526896 h1:08FR2fwyX/WrIvxu8VY/ZOcmrB7XSPyWhcWnyQEWlFQ=
github.com/fbaube/rowmodels v0.0.0-20230622080238-d1b28a526896/go.mod h1:cBdnL8JQ2+XV+5YiQrZZmKPMRNHRwUX/j72orFIn+i8=
github.com/fbaube/sqlite3 v0.0.0-20230623201839-76cebbc048ba h1:XLhnds2/YrlOdNvXfjSH8yPCfUdNd49dIxMpINCPCPU=
github.com/fbaube/sqlite3 v0.0.0-20230623201839-76cebbc048ba/go.mod h1:vYzBSGC+jBvm7d3fUpwElcXoGZ7/aUYpkQ/Taaa2yL0=
github.com/fbaube/stringutils v0.0.0-20210716195613-2633ae132b43/go.mod h1:pyXNXdLCEtNZyV2GFdbOGiO6nDrH6SVmxp7EG9oISIE=
github.com/fbaube/stringutils v0.0.0-20230622210105-a1af04c1f93d h1:H8t4vPZzeXk7rQnlmdO9ZDaduKBxb77jmsF/sZfOtS0=
github.com/fbaube/stringutils v0.0.0-20230622210105-a1af04c1f93d/go.mod h1:pyXNXdLCEtNZyV2GFdbOGiO6nDrH6SVmxp7EG9oISIE=
github.com/fbaube/wasmutils v0.0.0-20210130165146-e84dfddef26c/go.mod h1:zvSKkP2Q1b0bu5IuwmY0b2x4ZXEZMYcG0ClOKublfR0=
github.com/fbaube/wasmutils v0.0.0-20230623084957-b4f528abb99e h1:jmk1UI9I90F1PHbt1axt6fiZZg/hMqOxefr6m6uyaVY=
github.com/fbaube/wasmutils v0.0.0-20230623084957-b4f528abb99e/go.mod h1:Kp24751YH8DnaZ1R2jECZ6tbSHJRPH6FTmxVzG0MtWE=
github.com/fbaube/xmlmodels v0.0.0-20210717124325-02bf973617c5/go.mod h1:aPAbtv8J097HzqFnoGVeBvUOjkYGk/sQEkvrk25N7lE=
github.com/fbaube/xmlutils v0.0.0-20220307192304-2d5293ea6608/go.mod h1:b9yEIFiCE4cPVYOTU6LXWgv5QtudKv5w18Zrjqou0pM=
github.com/fbaube/xmlutils v0.0.0-20230518061403-2465e549e10a h1:WKOpf0tZO+vkMgH1mMD0RpQmGGxNPtfpFLuhzf42Nfc=
github.com/fbaube/xmlutils v0.0.0-20230518061403-2465e549e10a/go.mod h1:b9yEIFiCE4cPVYOTU6LXWgv5QtudKv5w18Zrjqou0pM=
github.com/gabriel-vasile/mimetype v1.4.2 h1:w5qFW6JKBz9Y393Y4q372O9A7cUSequkh1Q7OhCmWKU=
github.com/gabriel-vasile/mimetype v1.4.2/go.mod h1:zApsH/mKG4w07erKIaJPFiX0Tsq9BFQgN3qGY5GnNgA=
github.com/go-git/go-git v4.7.0+incompatible/go.mod h1:6+421e08gnZWn30y26Vchf7efgYLe4dl5OQbBSUXShE=
github.com/gomarkdown/markdown v0.0.0-20230716120725-531d2d74bc12 h1:uK3X/2mt4tbSGoHvbLBHUny7CKiuwUip3MArtukol4E=
github.com/gomarkdown/markdown v0.0.0-20230716120725-531d2d74bc12/go.mod h1:JDGcbDT52eL4fju3sZ4TeHGsQwhG9nbDV21aMyhwPoA=
github.com/gorilla/mux v1.8.0 h1:i40aqfkR1h2SlN9hojwV5ZA91wcXFOvkdNIeFDP5koI=
github.com/gorilla/mux v1.8.0/go.mod h1:DVbg23sWSpFRCP0SfiEN6jmj59UnW/n46BH5rLB71So=
github.com/mattn/go-colorable v0.1.9/go.mod h1:u6P/XSegPjTcexA+o6vUJrdnUu04hMope9wVRipJSqc=
github.com/mattn/go-colorable v0.1.12/go.mod h1:u5H1YNBxpqRaxsYJYSkiCWKzEfiAb1Gb520KVy5xxl4=
github.com/mattn/go-colorable v0.1.13 h1:fFA4WZxdEF4tXPZVKMLwD8oUnCTTo08duU7wxecdEvA=
github.com/mattn/go-colorable v0.1.13/go.mod h1:7S9/ev0klgBDR4GtXTXX8a3vIGJpMovkB8vQcUbaXHg=
github.com/mattn/go-isatty v0.0.12/go.mod h1:cbi8OIDigv2wuxKPP5vlRcQ1OAZbq2CE4Kysco4FUpU=
github.com/mattn/go-isatty v0.0.14/go.mod h1:7GGIvUiUoEMVVmxf/4nioHXj79iQHKdU27kJ6hsGG94=
github.com/mattn/go-isatty v0.0.16/go.mod h1:kYGgaQfpe5nmfYZH+SKPsOc2e4SrIfOl2e/yFXSvRLM=
github.com/mattn/go-isatty v0.0.19 h1:JITubQf0MOLdlGRuRq+jtsDlekdYPia9ZFsB8h/APPA=
github.com/mattn/go-isatty v0.0.19/go.mod h1:W+V8PltTTMOvKvAeJH7IuucS94S2C6jfK/D7dTCTo3Y=
github.com/mgutz/str v1.2.0 h1:4IzWSdIz9qPQWLfKZ0rJcV0jcUDpxvP4JVZ4GXQyvSw=
github.com/mgutz/str v1.2.0/go.mod h1:w1v0ofgLaJdoD0HpQ3fycxKD1WtxpjSo151pK/31q6w=
github.com/pkg/errors v0.9.1 h1:FEBLx1zS214owpjy7qsBeixbURkuhQAwrK5UwLGTwt4=
github.com/pkg/errors v0.9.1/go.mod h1:bwawxfHBFNV+L2hUp1rHADufV3IMtnDRdf1r5NINEl0=
github.com/spf13/pflag v1.0.5 h1:iy+VFUOCP1a+8yFto/drg2CJ5u0yRoB7fZw3DKv/JXA=
github.com/spf13/pflag v1.0.5/go.mod h1:McXfInJRrz4CZXVZOBLb0bTZqETkiAhM9Iw0y3An2Bg=
github.com/src-d/gcfg v1.4.0/go.mod h1:p/UMsR43ujA89BJY9duynAwIpvqEujIH/jFlfL7jWoI=
github.com/yuin/goldmark v1.4.8/go.mod h1:rmuwmfZ0+bvzB24eSC//bk1R1Zp3hM0OXYv/G2LIilg=
github.com/yuin/goldmark v1.5.5 h1:IJznPe8wOzfIKETmMkd06F8nXkmlhaHqFRM9l1hAGsU=
github.com/yuin/goldmark v1.5.5/go.mod h1:6yULJ656Px+3vBD8DxQVa3kxgyrAnzto9xy5taEt/CY=
golang.org/x/exp v0.0.0-20230811145659-89c5cff77bcb h1:mIKbk8weKhSeLH2GmUTrvx8CjkyJmnU1wFmg59CUjFA=
golang.org/x/exp v0.0.0-20230811145659-89c5cff77bcb/go.mod h1:FXUEEKJgO7OQYeo8N01OfiKP8RXMtf6e8aTskBGqWdc=
golang.org/x/net v0.0.0-20220225172249-27dd8689420f/go.mod h1:CfG3xpIq0wQ8r1q4Su4UZFWDARRcnwPjda9FqA0JpMk=
golang.org/x/net v0.17.0 h1:pVaXccu2ozPjCXewfr1S7xza/zcXTity9cCdXQYSjIM=
golang.org/x/net v0.17.0/go.mod h1:NxSsAGuq816PNPmqtQdLE42eU2Fs7NoRIZrHJAlaCOE=
golang.org/x/sys v0.0.0-20200116001909-b77594299b42/go.mod h1:h1NjWce9XRLGQEsW7wpKNCjG9DtNlClVuFLEZdDNbEs=
golang.org/x/sys v0.0.0-20200223170610-d5e6a3e2c0ae/go.mod h1:h1NjWce9XRLGQEsW7wpKNCjG9DtNlClVuFLEZdDNbEs=
golang.org/x/sys v0.0.0-20210615035016-665e8c7367d1/go.mod h1:oPkhp1MJrh7nUepCBck5+mAzfO9JrbApNNgaTdGDITg=
golang.org/x/sys v0.0.0-20210630005230-0f9fa26af87c/go.mod h1:oPkhp1MJrh7nUepCBck5+mAzfO9JrbApNNgaTdGDITg=
golang.org/x/sys v0.0.0-20210927094055-39ccf1dd6fa6/go.mod h1:oPkhp1MJrh7nUepCBck5+mAzfO9JrbApNNgaTdGDITg=
golang.org/x/sys v0.0.0-20211216021012-1d35b9e2eb4e/go.mod h1:oPkhp1MJrh7nUepCBck5+mAzfO9JrbApNNgaTdGDITg=
golang.org/x/sys v0.0.0-20220310020820-b874c991c1a5/go.mod h1:oPkhp1MJrh7nUepCBck5+mAzfO9JrbApNNgaTdGDITg=
golang.org/x/sys v0.0.0-20220811171246-fbc7d0a398ab/go.mod h1:oPkhp1MJrh7nUepCBck5+mAzfO9JrbApNNgaTdGDITg=
golang.org/x/sys v0.6.0/go.mod h1:oPkhp1MJrh7nUepCBck5+mAzfO9JrbApNNgaTdGDITg=
golang.org/x/sys v0.13.0 h1:Af8nKPmuFypiUBjVoU9V20FiaFXOcuZI21p0ycVYYGE=
golang.org/x/sys v0.13.0/go.mod h1:oPkhp1MJrh7nUepCBck5+mAzfO9JrbApNNgaTdGDITg=
golang.org/x/term v0.0.0-20210927222741-03fcf44c2211/go.mod h1:jbD1KX2456YbFQfuXm/mYQcufACuNUgVhRMnK/tPxf8=
golang.org/x/text v0.3.7/go.mod h1:u+2+/6zg+i71rQMx5EYifcz6MCKuco9NR6JIITiCfzQ=
golang.org/x/tools v0.0.0-20180917221912-90fa682c2a6e/go.mod h1:n7NCudcB/nEzxVGmLbDWY5pfWTLqBcC2KZ6jyYvM4mQ=
golang.org/x/tools v0.12.0 h1:YW6HUoUmYBpwSgyaGaZq1fHjrBjX1rlpZ54T6mu2kss=
golang.org/x/tools v0.12.0/go.mod h1:Sc0INKfu04TlqNoRA1hgpFZbhYXHPr4V5DzpSBTPqQM=
gopkg.in/check.v1 v0.0.0-20161208181325-20d25e280405 h1:yhCVgyC4o1eVCa2tZl7eS0r+SDo693bJlVdllGtEeKM=
gopkg.in/check.v1 v0.0.0-20161208181325-20d25e280405/go.mod h1:Co6ibVJAznAaIkqp8huTwlJQCZ016jof/cbN4VW5Yz0=
gopkg.in/warnings.v0 v0.1.2/go.mod h1:jksf8JmL6Qr/oQM2OXTHunEvvTAsrWBLb6OOjuVWRNI=
gopkg.in/yaml.v2 v2.4.0 h1:D8xgwECY7CYvx+Y2n4sBz93Jn9JRvxdiyyo8CTfuKaY=
gopkg.in/yaml.v2 v2.4.0/go.mod h1:RDklbk79AGWmwhnvt/jBztapEOGDOx6ZbXqjP6csGnQ=
