github.com/fatih/color v1.13.0/go.mod h1:kLAiJbzzSOZDVNGyDpeOxJ47H46qBXwg5ILebYFFOfk=
github.com/fatih/color v1.16.0 h1:zmkK9Ngbjj+K0yRhTVONQh1p/HknKYSlNT+vZCzyokM=
github.com/fatih/color v1.16.0/go.mod h1:fL2Sau1YI5c0pdGEVCbKQbLXB6edEj1ZgiY4NijnWvE=
github.com/fbaube/contentanalysis v0.0.0-20240319104033-db838f836ab0 h1:8Rw0asWoQyYhUd2J5qdvEG5l3QwZG7icYF+xKwwZPbY=
github.com/fbaube/contentanalysis v0.0.0-20240319104033-db838f836ab0/go.mod h1:CcH02GjjjWZHe+gGlAQNBvGPpcjBoOIbPw7cVtlXKAE=
github.com/fbaube/contentanalysis v0.0.0-20240322200038-dcc26d251e02 h1:iIHQhHCBMPYi83NZKFW6T1aoQG5VHqCuJLN4SWy1ng4=
github.com/fbaube/contentanalysis v0.0.0-20240322200038-dcc26d251e02/go.mod h1:eoiQ1r1wuX9yJWyWqFsJQnUsZdIIg1WWuJxcwyL+cCU=
github.com/fbaube/ctoken v0.0.0-20240319195511-16f0dbe6e833 h1:Du29sPtFcgLs9HPxGf5NWL094nnYe6FW42WS9I01q5g=
github.com/fbaube/ctoken v0.0.0-20240319195511-16f0dbe6e833/go.mod h1:MzaCWuPd7bek9dVfpVC6hamdoKfyTctcWvBqdTEQUo0=
github.com/fbaube/ctoken v0.0.0-20240320063444-9a7fe8d7e65c h1:DraGyMPGB1xz79HJchne4AeFq4OJ20jary3ZeIP2cro=
github.com/fbaube/ctoken v0.0.0-20240320063444-9a7fe8d7e65c/go.mod h1:MzaCWuPd7bek9dVfpVC6hamdoKfyTctcWvBqdTEQUo0=
github.com/fbaube/ctoken v0.0.0-20240320075402-d501c60baf3e h1:z6Hrve1dnPW+BSyCI3CYsjR/2fEm8zpWR3tueFtXCto=
github.com/fbaube/ctoken v0.0.0-20240320075402-d501c60baf3e/go.mod h1:MzaCWuPd7bek9dVfpVC6hamdoKfyTctcWvBqdTEQUo0=
github.com/fbaube/ctoken v0.0.0-20240322195920-6d5d80a301ae h1:ioBl2WQrh60rjuaIW/lWUaOnMLTi3XJj6ey7gl4k+Vs=
github.com/fbaube/ctoken v0.0.0-20240322195920-6d5d80a301ae/go.mod h1:70q1hRIa5HaLKfWVnc41/8vDqbQwRIl0k6rCEG2s4ww=
github.com/fbaube/datarepo v0.0.0-20240319104325-a229aaef21ec h1:T1ab1O5Sak1N++qkd2rLBIHE2XyMQeeefYgt51dBlds=
github.com/fbaube/datarepo v0.0.0-20240319104325-a229aaef21ec/go.mod h1:NdVC92YKbX4EkM2O7gu7udhb9hJ4lKwOJVRZlp7qh2A=
github.com/fbaube/datarepo v0.0.0-20240322200104-eb59f0b07f37 h1:xXdb9KpOn1wT3Ri2tqO9n281A8XEZ76K4Xg7F0gRjhA=
github.com/fbaube/datarepo v0.0.0-20240322200104-eb59f0b07f37/go.mod h1:+eqstWc5yIiUGfegwHh70NwU4xppi7o51K70xoEkl0Y=
github.com/fbaube/datarepo v0.0.0-20240323120743-aad7d4e39fb8 h1:PlRfoucom492lltgOh9Z8igynKyPe4B8ZshqwlxmsqY=
github.com/fbaube/datarepo v0.0.0-20240323120743-aad7d4e39fb8/go.mod h1:5pA/qXN5NIdUYUUxE5B68Wkj4URKm+g5wPHGK6cI1q0=
github.com/fbaube/dsmnd v0.0.0-20240130143636-adbc149a7741 h1:1qmauz9VF6WcTp4umXA40TQ65UftqHE80pgx4wQSpWo=
github.com/fbaube/dsmnd v0.0.0-20240130143636-adbc149a7741/go.mod h1:7FFQTZsr7f2vA243fKLohCwszP3Xrzi/xbFkOyPF+YQ=
github.com/fbaube/fileutils v0.0.0-20210215145923-7216a545e6b4/go.mod h1:Q3NOQ00NULN3Un/dxrzYDaFacMnjW9vG1Ffe3cHRdro=
github.com/fbaube/fileutils v0.0.0-20240319151704-74389d18b489 h1:22zT9gphKNzpMRsD//CgvO6tjTsY7oxnDqe1F9Ls/cA=
github.com/fbaube/fileutils v0.0.0-20240319151704-74389d18b489/go.mod h1:2QpF645f8zzudiJBh7agf/nI8cil7Cel5RLqb2wTSp4=
github.com/fbaube/fileutils v0.0.0-20240321184736-e74b758e4e0d h1:JUQhIbMw0hhMp4PSmq6IVlyJdSGt9gMYC0r3whTgk1U=
github.com/fbaube/fileutils v0.0.0-20240321184736-e74b758e4e0d/go.mod h1:2S3eE5mz+17RSb7T/5fn3A0LbHN14T/gftJtFIK7mFA=
github.com/fbaube/fileutils v0.0.0-20240322195951-f7eac492460a h1:X1NIo9FY9Rm//3BcnYJf1Eyx/NYFNVaVmVODoeIhIuo=
github.com/fbaube/fileutils v0.0.0-20240322195951-f7eac492460a/go.mod h1:2S3eE5mz+17RSb7T/5fn3A0LbHN14T/gftJtFIK7mFA=
github.com/fbaube/fileutils v0.0.0-20240323120949-8bdb66dc348a h1:tkv+wyM/Nqg0kI38l1Iov+7BV+MsOHkted0QYYZlQpo=
github.com/fbaube/fileutils v0.0.0-20240323120949-8bdb66dc348a/go.mod h1:Lz2/eUvVeFg1Alb90F0khxrhLR1ujclRNfEHSjBkkL0=
github.com/fbaube/fileutils v0.0.0-20240325105828-dd11185097a9 h1:QYnX2CE/LdiYWZLsP0OZIORe1T5DLJyPvIAAuINde+w=
github.com/fbaube/fileutils v0.0.0-20240325105828-dd11185097a9/go.mod h1:Lz2/eUvVeFg1Alb90F0khxrhLR1ujclRNfEHSjBkkL0=
github.com/fbaube/gparse v0.0.0-20230421173125-0aaf74eb920c h1:Wc/p/iz4WKF00neYNYszzfGsI7VhR2P/ZAu7TCjtXQs=
github.com/fbaube/gparse v0.0.0-20230421173125-0aaf74eb920c/go.mod h1:0eMhKY31+tGA22qYyPzkDHPf/Q+3BZyUfDRLGjZywFM=
github.com/fbaube/gtoken v0.0.0-20220221192313-06c1a87f1884/go.mod h1:L5TPmM5qhEVECO49RCwHxUMIJStcDicDuXPz9VzgyNs=
github.com/fbaube/gtoken v0.0.0-20231225203128-9dc8ca760381 h1:/BlIqT2a+czuUbJFeKF3taeZ3W+Ny8K14Sc8ViHZeqw=
github.com/fbaube/gtoken v0.0.0-20231225203128-9dc8ca760381/go.mod h1:L5TPmM5qhEVECO49RCwHxUMIJStcDicDuXPz9VzgyNs=
github.com/fbaube/gtoken v0.0.0-20240320063540-c37d25885062 h1:L1dvg/D9we7RGm+S648duMfYMsmTK8LtyCVop4VJ1BA=
github.com/fbaube/gtoken v0.0.0-20240320063540-c37d25885062/go.mod h1:B6ypVL82SXRFPJ+/NcqfFYHbxThNgnhM4sBzEcNM6Po=
github.com/fbaube/gtree v0.0.0-20231231104721-1004717d5931 h1:eUoPIWVorslhzUbUehi3lQDIAd/RBXuHkIcSoj6lOjI=
github.com/fbaube/gtree v0.0.0-20231231104721-1004717d5931/go.mod h1:/koUFaSIDdIwgaqI6vhhc7PYBggI7Jn/e4MriBbfvT8=
github.com/fbaube/humanbytes v0.0.0-20240227103335-a0b11501ad0e h1:2lRZ3QxDYaZ9F7RXLSL3zugdmeQTGOrRddBk+RVTRY0=
github.com/fbaube/humanbytes v0.0.0-20240227103335-a0b11501ad0e/go.mod h1:WUS3tn4t+FViNsl4VOqYiV51cJNIIeMjLI9fOfm+Ug8=
github.com/fbaube/logutils v0.0.0-20240118190821-fba0e702dd07 h1:pnt16LF2Gq3myuCjvsTRqc6KUUquBD+gIV9YKHsH+qw=
github.com/fbaube/logutils v0.0.0-20240118190821-fba0e702dd07/go.mod h1:VifbtSBHXXNZhfgnsxhS7D++YcGbPt7esvjC7FCbFW4=
github.com/fbaube/lwdx v0.0.0-20240311105247-37cbc89f10e3 h1:rtYqqV+U9rnIc/tozMCeW9lSXod+zI8c4K48zq7/WME=
github.com/fbaube/lwdx v0.0.0-20240311105247-37cbc89f10e3/go.mod h1:k5EDVHloyrrAVPqxW2oZEs/GtTWyG1RFsdZRJQay9LQ=
github.com/fbaube/lwdx v0.0.0-20240320063713-9db965369380 h1:TXVgxLMRykIrp+6b60M5A0lT5XbHaRHEnYo1rm/GiSA=
github.com/fbaube/lwdx v0.0.0-20240320063713-9db965369380/go.mod h1:k5EDVHloyrrAVPqxW2oZEs/GtTWyG1RFsdZRJQay9LQ=
github.com/fbaube/lwdx v0.0.0-20240320075621-b207adbb578d h1:AjAbtDjPRMK7HFFnpQPl2QFJo5zEtrozkaSqQEo15dg=
github.com/fbaube/lwdx v0.0.0-20240320075621-b207adbb578d/go.mod h1:hx+NbX+wD3SaJNX1QfH0YOtNAvroHP1oeIcI/DOJ/5Y=
github.com/fbaube/mcfile v0.0.0-20240319195326-3edcad1752b4 h1:sxGvYGd8a3CYHcYo47e+EwxQvfCrjien8bnejRyDNc4=
github.com/fbaube/mcfile v0.0.0-20240319195326-3edcad1752b4/go.mod h1:a2xnI8jQi722XhHv6xkE2GRPK1IZIBKysvXqssqpviI=
github.com/fbaube/mcfile v0.0.0-20240320063738-9f3f8eb3f517 h1:+jYn/dfhqua7/Hl0yUfAvLhiW1149CRVmIGqYQv2DrE=
github.com/fbaube/mcfile v0.0.0-20240320063738-9f3f8eb3f517/go.mod h1:lXUo5zE3TPeNyLJezyiQX5h6furK8V52U02iyCqgaOI=
github.com/fbaube/mcfile v0.0.0-20240321184856-a704922dc317 h1:197ZR7qbT7304KQQG7bDCG74caGb6k8lpyYSHILD8mw=
github.com/fbaube/mcfile v0.0.0-20240321184856-a704922dc317/go.mod h1:7StRnwNoVbP9OaKxVDD9AZ6kBqb97Ke1zhqqQszLV4I=
github.com/fbaube/mcfile v0.0.0-20240322200242-169081c45138 h1:ZH2zW1zNVFAlp4eWfUpc7f25PHOD8HqpgpNM8DhMTB4=
github.com/fbaube/mcfile v0.0.0-20240322200242-169081c45138/go.mod h1:exkn9Zw3wBZW+4kaQAAYqJaJ1tlRnb2HkPu9Y0TcDVU=
github.com/fbaube/mcfile v0.0.0-20240323120902-300d02f87c5e h1:S2jn32MgSszID4Wix0DBvabyvy91GGLakWFHe0HKSjQ=
github.com/fbaube/mcfile v0.0.0-20240323120902-300d02f87c5e/go.mod h1:746dcYadihovipOQzEesx8TPmyz/9n9eUlJ5D2bcttk=
github.com/fbaube/miscutils v0.0.0-20240307083109-5e380dcbb1e7 h1:bqn4Q0XLSyluKH3KZcLz++bwoZLpOIJ47wOs6TrueNw=
github.com/fbaube/miscutils v0.0.0-20240307083109-5e380dcbb1e7/go.mod h1:dg2mLgV/vplcdzw+BhyH4fnv/j8VuOGEnDvftQyBrqQ=
github.com/fbaube/mlog v0.0.0-20220216070905-84d38f5d34e0/go.mod h1:7zMkNQqfN6ZueDR3jAJcDBKJ8fmCGnP/LyfBnQMT4io=
github.com/fbaube/mlog v0.0.0-20230904080411-cfac35fed413 h1:hXpL/x5iYx38UGHzGU6V9ONPYeeLxzfniZDbAblkplw=
github.com/fbaube/mlog v0.0.0-20230904080411-cfac35fed413/go.mod h1:gdqN52o2Q28x8fcloz1M7KyknKnK6VPxPkAOc3+HxmQ=
github.com/fbaube/orderednodes v0.0.0-20240319104124-f229a21b9350 h1:gy5qL9LeFdRHE6Ib5O2ixVXsiQ/6DcyWm4u81Wr7izI=
github.com/fbaube/orderednodes v0.0.0-20240319104124-f229a21b9350/go.mod h1:4QfdjmVY5yV6oR4Wo96FbOuJxyGnOH7aQmczxKDzLYE=
github.com/fbaube/orderednodes v0.0.0-20240321184806-2ee3cb6fd12c h1:xKmtSDdHf3ClqS3i+AwXOOfs3EEhEjDni0AuEjAQoKs=
github.com/fbaube/orderednodes v0.0.0-20240321184806-2ee3cb6fd12c/go.mod h1:7Y/nCiEvRMdTZuBWkya6h/llSPreLgEDuSsfGV4JzF8=
github.com/fbaube/orderednodes v0.0.0-20240323120809-05155b0e906c h1:KjDFkrJN5BdPVH5WwjlPQyozVwjK5VfpHAXIbCM2Afs=
github.com/fbaube/orderednodes v0.0.0-20240323120809-05155b0e906c/go.mod h1:0chCasJocITmFeyBGYSkZ8VeZ9K7LuAb1YJSLYGyonA=
github.com/fbaube/parseutils v0.0.0-20220310134313-a5d0ceeeabb3/go.mod h1:J3gIK/myAYcFh9jAgVAawRE5iPxor38nmbfNGTnycJU=
github.com/fbaube/parseutils v0.0.0-20240117103929-681897b1f883 h1:uWst8iOXICKxejsRDU3spW0q4iVMJp87yRCoT9/G+j8=
github.com/fbaube/parseutils v0.0.0-20240117103929-681897b1f883/go.mod h1:KJMfLJ/C6vsNr2S2/yXCwmDz9BHENg40zTh0lPStijE=
github.com/fbaube/stringutils v0.0.0-20210716195613-2633ae132b43/go.mod h1:pyXNXdLCEtNZyV2GFdbOGiO6nDrH6SVmxp7EG9oISIE=
github.com/fbaube/stringutils v0.0.0-20240318064103-bf7b5a2b5f11 h1:SbTSSAz6W2bk6A7J4nbrQxSoSQQfwnPu4v8vT/4eO9c=
github.com/fbaube/stringutils v0.0.0-20240318064103-bf7b5a2b5f11/go.mod h1:5GRMKxtq6rUel/Pwfr7VG0eHVBPITL1UCsHyGHhTo8U=
github.com/fbaube/stringutils v0.0.0-20240322200159-80cb818c8713 h1:GFdzfzrMWL6CktOMF3WNHsGVYkZG3WqHSieczE2gSSw=
github.com/fbaube/stringutils v0.0.0-20240322200159-80cb818c8713/go.mod h1:5GRMKxtq6rUel/Pwfr7VG0eHVBPITL1UCsHyGHhTo8U=
github.com/fbaube/wasmutils v0.0.0-20210130165146-e84dfddef26c/go.mod h1:zvSKkP2Q1b0bu5IuwmY0b2x4ZXEZMYcG0ClOKublfR0=
github.com/fbaube/wasmutils v0.0.0-20231209183154-e25018375bc2 h1:c2o0/6fIdaGD9G84GUFg41qHYPWqfKO0HD8G9KLJQH4=
github.com/fbaube/wasmutils v0.0.0-20231209183154-e25018375bc2/go.mod h1:Yv24ab7DbaTunolfMWqQVI0g8yCNFu8y5IHxLbwZ0ZE=
github.com/fbaube/xmlmodels v0.0.0-20210717124325-02bf973617c5/go.mod h1:aPAbtv8J097HzqFnoGVeBvUOjkYGk/sQEkvrk25N7lE=
github.com/fbaube/xmlutils v0.0.0-20220307192304-2d5293ea6608/go.mod h1:b9yEIFiCE4cPVYOTU6LXWgv5QtudKv5w18Zrjqou0pM=
github.com/fbaube/xmlutils v0.0.0-20240117103856-0d26c14e3769 h1:Y0yeQ+Vv3Z4NN4ulKkVAZggtm1+SK4scJJxn1qbq77Y=
github.com/fbaube/xmlutils v0.0.0-20240117103856-0d26c14e3769/go.mod h1:gsCwBzyR+nb9tdfJRL6aVTd9Fvuj/0R/tDM+seGxP8w=
github.com/fbaube/xmlutils v0.0.0-20240322200140-f0ad2fb0183d h1:9wjVLMYL33nmyMDGxdR7s1EocHhQ9mh852G/s9fmV0g=
github.com/fbaube/xmlutils v0.0.0-20240322200140-f0ad2fb0183d/go.mod h1:fC43BwdKJgvUUfij+oAbm78Gy+FRbGbmi1s3UgZha0E=
github.com/gabriel-vasile/mimetype v1.4.3 h1:in2uUcidCuFcDKtdcBxlR0rJ1+fsokWf+uqxgUFjbI0=
github.com/gabriel-vasile/mimetype v1.4.3/go.mod h1:d8uq/6HKRL6CGdk+aubisF/M5GcPfT7nKyLpA0lbSSk=
github.com/go-git/go-git v4.7.0+incompatible/go.mod h1:6+421e08gnZWn30y26Vchf7efgYLe4dl5OQbBSUXShE=
github.com/gomarkdown/markdown v0.0.0-20231222211730-1d6d20845b47 h1:k4Tw0nt6lwro3Uin8eqoET7MDA4JnT8YgbCjc/g5E3k=
github.com/gomarkdown/markdown v0.0.0-20231222211730-1d6d20845b47/go.mod h1:JDGcbDT52eL4fju3sZ4TeHGsQwhG9nbDV21aMyhwPoA=
github.com/gorilla/mux v1.8.1 h1:TuBL49tXwgrFYWhqrNgrUNEY92u81SPhu7sTdzQEiWY=
github.com/gorilla/mux v1.8.1/go.mod h1:AKf9I4AEqPTmMytcMc0KkNouC66V3BtZ4qD5fmWSiMQ=
github.com/lainio/err2 v0.9.52 h1:o58r5CDrXFpYun4J2Px14yIb+SnG1MISmEbQ++mfqR8=
github.com/lainio/err2 v0.9.52/go.mod h1:glTVV2qNFbBy6WzZFDP2G5BqMiZI58cudp588cEgCuM=
github.com/lainio/err2 v1.0.0 h1:ndyaIeh4TSryI7sJRc9O6frgEnIUyGJ8R/9FE+kdaKg=
github.com/lainio/err2 v1.0.0/go.mod h1:glTVV2qNFbBy6WzZFDP2G5BqMiZI58cudp588cEgCuM=
github.com/mattn/go-colorable v0.1.9/go.mod h1:u6P/XSegPjTcexA+o6vUJrdnUu04hMope9wVRipJSqc=
github.com/mattn/go-colorable v0.1.12/go.mod h1:u5H1YNBxpqRaxsYJYSkiCWKzEfiAb1Gb520KVy5xxl4=
github.com/mattn/go-colorable v0.1.13 h1:fFA4WZxdEF4tXPZVKMLwD8oUnCTTo08duU7wxecdEvA=
github.com/mattn/go-colorable v0.1.13/go.mod h1:7S9/ev0klgBDR4GtXTXX8a3vIGJpMovkB8vQcUbaXHg=
github.com/mattn/go-isatty v0.0.12/go.mod h1:cbi8OIDigv2wuxKPP5vlRcQ1OAZbq2CE4Kysco4FUpU=
github.com/mattn/go-isatty v0.0.14/go.mod h1:7GGIvUiUoEMVVmxf/4nioHXj79iQHKdU27kJ6hsGG94=
github.com/mattn/go-isatty v0.0.16/go.mod h1:kYGgaQfpe5nmfYZH+SKPsOc2e4SrIfOl2e/yFXSvRLM=
github.com/mattn/go-isatty v0.0.20 h1:xfD0iDuEKnDkl03q4limB+vH+GxLEtL/jb4xVJSWWEY=
github.com/mattn/go-isatty v0.0.20/go.mod h1:W+V8PltTTMOvKvAeJH7IuucS94S2C6jfK/D7dTCTo3Y=
github.com/mattn/go-sqlite3 v1.14.22 h1:2gZY6PC6kBnID23Tichd1K+Z0oS6nE/XwU+Vz/5o4kU=
github.com/mattn/go-sqlite3 v1.14.22/go.mod h1:Uh1q+B4BYcTPb+yiD3kU8Ct7aC0hY9fxUwlHK0RXw+Y=
github.com/mgutz/str v1.2.0 h1:4IzWSdIz9qPQWLfKZ0rJcV0jcUDpxvP4JVZ4GXQyvSw=
github.com/mgutz/str v1.2.0/go.mod h1:w1v0ofgLaJdoD0HpQ3fycxKD1WtxpjSo151pK/31q6w=
github.com/spf13/pflag v1.0.5 h1:iy+VFUOCP1a+8yFto/drg2CJ5u0yRoB7fZw3DKv/JXA=
github.com/spf13/pflag v1.0.5/go.mod h1:McXfInJRrz4CZXVZOBLb0bTZqETkiAhM9Iw0y3An2Bg=
github.com/src-d/gcfg v1.4.0/go.mod h1:p/UMsR43ujA89BJY9duynAwIpvqEujIH/jFlfL7jWoI=
github.com/yuin/goldmark v1.4.8/go.mod h1:rmuwmfZ0+bvzB24eSC//bk1R1Zp3hM0OXYv/G2LIilg=
github.com/yuin/goldmark v1.7.0 h1:EfOIvIMZIzHdB/R/zVrikYLPPwJlfMcNczJFMs1m6sA=
github.com/yuin/goldmark v1.7.0/go.mod h1:uzxRWxtg69N339t3louHJ7+O03ezfj6PlliRlaOzY1E=
golang.org/x/exp v0.0.0-20240318143956-a85f2c67cd81 h1:6R2FC06FonbXQ8pK11/PDFY6N6LWlf9KlzibaCapmqc=
golang.org/x/exp v0.0.0-20240318143956-a85f2c67cd81/go.mod h1:CQ1k9gNrJ50XIzaKCRR2hssIjF07kZFEiieALBM/ARQ=
golang.org/x/net v0.0.0-20220225172249-27dd8689420f/go.mod h1:CfG3xpIq0wQ8r1q4Su4UZFWDARRcnwPjda9FqA0JpMk=
golang.org/x/net v0.22.0 h1:9sGLhx7iRIHEiX0oAJ3MRZMUCElJgy7Br1nO+AMN3Tc=
golang.org/x/net v0.22.0/go.mod h1:JKghWKKOSdJwpW2GEx0Ja7fmaKnMsbu+MWVZTokSYmg=
golang.org/x/sys v0.0.0-20200116001909-b77594299b42/go.mod h1:h1NjWce9XRLGQEsW7wpKNCjG9DtNlClVuFLEZdDNbEs=
golang.org/x/sys v0.0.0-20200223170610-d5e6a3e2c0ae/go.mod h1:h1NjWce9XRLGQEsW7wpKNCjG9DtNlClVuFLEZdDNbEs=
golang.org/x/sys v0.0.0-20210615035016-665e8c7367d1/go.mod h1:oPkhp1MJrh7nUepCBck5+mAzfO9JrbApNNgaTdGDITg=
golang.org/x/sys v0.0.0-20210630005230-0f9fa26af87c/go.mod h1:oPkhp1MJrh7nUepCBck5+mAzfO9JrbApNNgaTdGDITg=
golang.org/x/sys v0.0.0-20210927094055-39ccf1dd6fa6/go.mod h1:oPkhp1MJrh7nUepCBck5+mAzfO9JrbApNNgaTdGDITg=
golang.org/x/sys v0.0.0-20211216021012-1d35b9e2eb4e/go.mod h1:oPkhp1MJrh7nUepCBck5+mAzfO9JrbApNNgaTdGDITg=
golang.org/x/sys v0.0.0-20220310020820-b874c991c1a5/go.mod h1:oPkhp1MJrh7nUepCBck5+mAzfO9JrbApNNgaTdGDITg=
golang.org/x/sys v0.0.0-20220811171246-fbc7d0a398ab/go.mod h1:oPkhp1MJrh7nUepCBck5+mAzfO9JrbApNNgaTdGDITg=
golang.org/x/sys v0.6.0/go.mod h1:oPkhp1MJrh7nUepCBck5+mAzfO9JrbApNNgaTdGDITg=
golang.org/x/sys v0.18.0 h1:DBdB3niSjOA/O0blCZBqDefyWNYveAYMNF1Wum0DYQ4=
golang.org/x/sys v0.18.0/go.mod h1:/VUhepiaJMQUp4+oa/7Zr1D23ma6VTLIYjOOTFZPUcA=
golang.org/x/term v0.0.0-20210927222741-03fcf44c2211/go.mod h1:jbD1KX2456YbFQfuXm/mYQcufACuNUgVhRMnK/tPxf8=
golang.org/x/text v0.3.7/go.mod h1:u+2+/6zg+i71rQMx5EYifcz6MCKuco9NR6JIITiCfzQ=
golang.org/x/tools v0.0.0-20180917221912-90fa682c2a6e/go.mod h1:n7NCudcB/nEzxVGmLbDWY5pfWTLqBcC2KZ6jyYvM4mQ=
golang.org/x/tools v0.19.0 h1:tfGCXNR1OsFG+sVdLAitlpjAvD/I6dHDKnYrpEZUHkw=
golang.org/x/tools v0.19.0/go.mod h1:qoJWxmGSIBmAeriMx19ogtrEPrGtDbPK634QFIcLAhc=
gopkg.in/check.v1 v0.0.0-20161208181325-20d25e280405 h1:yhCVgyC4o1eVCa2tZl7eS0r+SDo693bJlVdllGtEeKM=
gopkg.in/check.v1 v0.0.0-20161208181325-20d25e280405/go.mod h1:Co6ibVJAznAaIkqp8huTwlJQCZ016jof/cbN4VW5Yz0=
gopkg.in/warnings.v0 v0.1.2/go.mod h1:jksf8JmL6Qr/oQM2OXTHunEvvTAsrWBLb6OOjuVWRNI=
gopkg.in/yaml.v2 v2.4.0 h1:D8xgwECY7CYvx+Y2n4sBz93Jn9JRvxdiyyo8CTfuKaY=
gopkg.in/yaml.v2 v2.4.0/go.mod h1:RDklbk79AGWmwhnvt/jBztapEOGDOx6ZbXqjP6csGnQ=
